
Microsoft Visual Studio Solution File, Format Version 12.00
# Visual Studio Version 17
VisualStudioVersion = 17.9.34728.123
MinimumVisualStudioVersion = 10.0.40219.1
Project("{FAE04EC0-301F-11D3-BF4B-00C04F79EFBC}") = "RenderStar", "RenderStar.csproj", "{DA9B8289-DB7E-4F8A-9903-A3AE7CE64E0C}"
EndProject
Project("{FAE04EC0-301F-11D3-BF4B-00C04F79EFBC}") = "Engine", "Engine\Engine.csproj", "{3604A04C-862A-46A5-A3F1-016D2712BD5C}"
EndProject
Global
	GlobalSection(SolutionConfigurationPlatforms) = preSolution
		Debug|Any CPU = Debug|Any CPU
		Release|Any CPU = Release|Any CPU
	EndGlobalSection
	GlobalSection(ProjectConfigurationPlatforms) = postSolution
		{DA9B8289-DB7E-4F8A-9903-A3AE7CE64E0C}.Debug|Any CPU.ActiveCfg = Debug|Any CPU
		{DA9B8289-DB7E-4F8A-9903-A3AE7CE64E0C}.Debug|Any CPU.Build.0 = Debug|Any CPU
		{DA9B8289-DB7E-4F8A-9903-A3AE7CE64E0C}.Release|Any CPU.ActiveCfg = Release|Any CPU
		{DA9B8289-DB7E-4F8A-9903-A3AE7CE64E0C}.Release|Any CPU.Build.0 = Release|Any CPU
		{3604A04C-862A-46A5-A3F1-016D2712BD5C}.Debug|Any CPU.ActiveCfg = Debug|Any CPU
		{3604A04C-862A-46A5-A3F1-016D2712BD5C}.Debug|Any CPU.Build.0 = Debug|Any CPU
		{3604A04C-862A-46A5-A3F1-016D2712BD5C}.Release|Any CPU.ActiveCfg = Release|Any CPU
		{3604A04C-862A-46A5-A3F1-016D2712BD5C}.Release|Any CPU.Build.0 = Release|Any CPU
	EndGlobalSection
	GlobalSection(SolutionProperties) = preSolution
		HideSolutionNode = FALSE
	EndGlobalSection
	GlobalSection(ExtensibilityGlobals) = postSolution
		SolutionGuid = {32F203A2-72D9-4560-9AE8-C0B4AB2F405D}
	EndGlobalSection
EndGlobal
